
Microsoft Visual Studio Solution File, Format Version 12.00
# Visual Studio Version 16
VisualStudioVersion = 16.0.33130.400
MinimumVisualStudioVersion = 10.0.40219.1
Project("{888888A0-9F3D-457C-B088-3A5042F75D52}") = "Quiz", "Quiz\Quiz.pyproj", "{0FF240A4-F157-4D9A-A764-1875348EAC7B}"
EndProject
Global
	GlobalSection(SolutionConfigurationPlatforms) = preSolution
		Debug|Any CPU = Debug|Any CPU
		Release|Any CPU = Release|Any CPU
	EndGlobalSection
	GlobalSection(ProjectConfigurationPlatforms) = postSolution
		{0FF240A4-F157-4D9A-A764-1875348EAC7B}.Debug|Any CPU.ActiveCfg = Debug|Any CPU
		{0FF240A4-F157-4D9A-A764-1875348EAC7B}.Release|Any CPU.ActiveCfg = Release|Any CPU
	EndGlobalSection
	GlobalSection(SolutionProperties) = preSolution
		HideSolutionNode = FALSE
	EndGlobalSection
	GlobalSection(ExtensibilityGlobals) = postSolution
		SolutionGuid = {826F25C9-7DF1-424B-A071-4844C7058321}
	EndGlobalSection
EndGlobal
